
Microsoft Visual Studio Solution File, Format Version 12.00
# Visual Studio Version 17
VisualStudioVersion = 17.0.31611.283
MinimumVisualStudioVersion = 10.0.40219.1
Project("{9A19103F-16F7-4668-BE54-9A1E7A4F7556}") = "Maui.NeoControls.Demo", "Maui.NeoControls.Demo\Maui.NeoControls.Demo.csproj", "{937AC451-36A4-432F-9CE7-A64253A23ABC}"
EndProject
Project("{2150E333-8FDC-42A3-9474-1A3956D46DE8}") = "demo", "demo", "{698F4EA8-D0F7-42C0-8CC8-33B381C69463}"
EndProject
Project("{2150E333-8FDC-42A3-9474-1A3956D46DE8}") = "src", "src", "{FD7967D6-7084-4639-B6D4-B5AC860E3810}"
EndProject
Project("{FAE04EC0-301F-11D3-BF4B-00C04F79EFBC}") = "Maui.NeoControls", "Maui.NeoControls\Maui.NeoControls.csproj", "{A02AAC81-6055-456D-8A39-35681724008A}"
EndProject
Global
	GlobalSection(SolutionConfigurationPlatforms) = preSolution
		Debug|Any CPU = Debug|Any CPU
		Release|Any CPU = Release|Any CPU
	EndGlobalSection
	GlobalSection(ProjectConfigurationPlatforms) = postSolution
		{937AC451-36A4-432F-9CE7-A64253A23ABC}.Debug|Any CPU.ActiveCfg = Debug|Any CPU
		{937AC451-36A4-432F-9CE7-A64253A23ABC}.Debug|Any CPU.Build.0 = Debug|Any CPU
		{937AC451-36A4-432F-9CE7-A64253A23ABC}.Debug|Any CPU.Deploy.0 = Debug|Any CPU
		{937AC451-36A4-432F-9CE7-A64253A23ABC}.Release|Any CPU.ActiveCfg = Release|Any CPU
		{937AC451-36A4-432F-9CE7-A64253A23ABC}.Release|Any CPU.Build.0 = Release|Any CPU
		{937AC451-36A4-432F-9CE7-A64253A23ABC}.Release|Any CPU.Deploy.0 = Release|Any CPU
		{A02AAC81-6055-456D-8A39-35681724008A}.Debug|Any CPU.ActiveCfg = Debug|Any CPU
		{A02AAC81-6055-456D-8A39-35681724008A}.Debug|Any CPU.Build.0 = Debug|Any CPU
		{A02AAC81-6055-456D-8A39-35681724008A}.Release|Any CPU.ActiveCfg = Release|Any CPU
		{A02AAC81-6055-456D-8A39-35681724008A}.Release|Any CPU.Build.0 = Release|Any CPU
	EndGlobalSection
	GlobalSection(SolutionProperties) = preSolution
		HideSolutionNode = FALSE
	EndGlobalSection
	GlobalSection(NestedProjects) = preSolution
		{937AC451-36A4-432F-9CE7-A64253A23ABC} = {698F4EA8-D0F7-42C0-8CC8-33B381C69463}
		{A02AAC81-6055-456D-8A39-35681724008A} = {FD7967D6-7084-4639-B6D4-B5AC860E3810}
	EndGlobalSection
	GlobalSection(ExtensibilityGlobals) = postSolution
		SolutionGuid = {61F7FB11-1E47-470C-91E2-47F8143E1572}
	EndGlobalSection
EndGlobal
